
Microsoft Visual Studio Solution File, Format Version 12.00
# Visual Studio Version 17
VisualStudioVersion = 17.1.32210.238
MinimumVisualStudioVersion = 10.0.40219.1
Project("{9A19103F-16F7-4668-BE54-9A1E7A4F7556}") = "BlazorApp.Playground", "BlazorApp.Playground\BlazorApp.Playground.csproj", "{922AC067-513D-47C9-95F9-9ED72E658630}"
EndProject
Global
	GlobalSection(SolutionConfigurationPlatforms) = preSolution
		Debug|Any CPU = Debug|Any CPU
		Release|Any CPU = Release|Any CPU
	EndGlobalSection
	GlobalSection(ProjectConfigurationPlatforms) = postSolution
		{922AC067-513D-47C9-95F9-9ED72E658630}.Debug|Any CPU.ActiveCfg = Debug|Any CPU
		{922AC067-513D-47C9-95F9-9ED72E658630}.Debug|Any CPU.Build.0 = Debug|Any CPU
		{922AC067-513D-47C9-95F9-9ED72E658630}.Release|Any CPU.ActiveCfg = Release|Any CPU
		{922AC067-513D-47C9-95F9-9ED72E658630}.Release|Any CPU.Build.0 = Release|Any CPU
	EndGlobalSection
	GlobalSection(SolutionProperties) = preSolution
		HideSolutionNode = FALSE
	EndGlobalSection
	GlobalSection(ExtensibilityGlobals) = postSolution
		SolutionGuid = {C76C1E62-68EF-4BC8-A6BE-A05F3AFF9B8C}
	EndGlobalSection
EndGlobal
